
Microsoft Visual Studio Solution File, Format Version 12.00
# Visual Studio Version 16
VisualStudioVersion = 16.0.29418.71
MinimumVisualStudioVersion = 10.0.40219.1
Project("{9A19103F-16F7-4668-BE54-9A1E7A4F7556}") = "github-embed-gh-pages", "github-embed-gh-pages.csproj", "{C3A536D2-A719-4393-8779-162839678C4A}"
EndProject
Global
	GlobalSection(SolutionConfigurationPlatforms) = preSolution
		Debug|Any CPU = Debug|Any CPU
		Release|Any CPU = Release|Any CPU
	EndGlobalSection
	GlobalSection(ProjectConfigurationPlatforms) = postSolution
		{C3A536D2-A719-4393-8779-162839678C4A}.Debug|Any CPU.ActiveCfg = Debug|Any CPU
		{C3A536D2-A719-4393-8779-162839678C4A}.Debug|Any CPU.Build.0 = Debug|Any CPU
		{C3A536D2-A719-4393-8779-162839678C4A}.Release|Any CPU.ActiveCfg = Release|Any CPU
		{C3A536D2-A719-4393-8779-162839678C4A}.Release|Any CPU.Build.0 = Release|Any CPU
	EndGlobalSection
	GlobalSection(SolutionProperties) = preSolution
		HideSolutionNode = FALSE
	EndGlobalSection
	GlobalSection(ExtensibilityGlobals) = postSolution
		SolutionGuid = {BABC4637-7C4B-4618-8AED-F7E54E718D6D}
	EndGlobalSection
EndGlobal
